
Microsoft Visual Studio Solution File, Format Version 12.00
# Visual Studio Version 17
VisualStudioVersion = 17.7.34031.279
MinimumVisualStudioVersion = 10.0.40219.1
Project("{FAE04EC0-301F-11D3-BF4B-00C04F79EFBC}") = "heapsort", "heapsort.csproj", "{D0B3B17E-22EA-4DC8-A6D0-A49EB5B72F91}"
EndProject
Global
	GlobalSection(SolutionConfigurationPlatforms) = preSolution
		Debug|Any CPU = Debug|Any CPU
		Release|Any CPU = Release|Any CPU
	EndGlobalSection
	GlobalSection(ProjectConfigurationPlatforms) = postSolution
		{D0B3B17E-22EA-4DC8-A6D0-A49EB5B72F91}.Debug|Any CPU.ActiveCfg = Debug|Any CPU
		{D0B3B17E-22EA-4DC8-A6D0-A49EB5B72F91}.Debug|Any CPU.Build.0 = Debug|Any CPU
		{D0B3B17E-22EA-4DC8-A6D0-A49EB5B72F91}.Release|Any CPU.ActiveCfg = Release|Any CPU
		{D0B3B17E-22EA-4DC8-A6D0-A49EB5B72F91}.Release|Any CPU.Build.0 = Release|Any CPU
	EndGlobalSection
	GlobalSection(SolutionProperties) = preSolution
		HideSolutionNode = FALSE
	EndGlobalSection
	GlobalSection(ExtensibilityGlobals) = postSolution
		SolutionGuid = {139AE41E-669C-422C-8770-B6F2FDBF3E99}
	EndGlobalSection
EndGlobal
